
Microsoft Visual Studio Solution File, Format Version 12.00
# Visual Studio Version 17
VisualStudioVersion = 17.5.002.0
MinimumVisualStudioVersion = 10.0.40219.1
Project("{9A19103F-16F7-4668-BE54-9A1E7A4F7556}") = "CrudAPI", "CrudAPI\CrudAPI.csproj", "{60A0EA43-70F9-4E46-A827-3029B8984933}"
EndProject
Global
	GlobalSection(SolutionConfigurationPlatforms) = preSolution
		Debug|Any CPU = Debug|Any CPU
		Release|Any CPU = Release|Any CPU
	EndGlobalSection
	GlobalSection(ProjectConfigurationPlatforms) = postSolution
		{60A0EA43-70F9-4E46-A827-3029B8984933}.Debug|Any CPU.ActiveCfg = Debug|Any CPU
		{60A0EA43-70F9-4E46-A827-3029B8984933}.Debug|Any CPU.Build.0 = Debug|Any CPU
		{60A0EA43-70F9-4E46-A827-3029B8984933}.Release|Any CPU.ActiveCfg = Release|Any CPU
		{60A0EA43-70F9-4E46-A827-3029B8984933}.Release|Any CPU.Build.0 = Release|Any CPU
	EndGlobalSection
	GlobalSection(SolutionProperties) = preSolution
		HideSolutionNode = FALSE
	EndGlobalSection
	GlobalSection(ExtensibilityGlobals) = postSolution
		SolutionGuid = {06385FF5-EDA3-412D-8A2B-B2D4A82976D7}
	EndGlobalSection
EndGlobal
